<?xml version="1.0" encoding="utf-8"?>
<Project ToolsVersion="4.0" xmlns="http://schemas.microsoft.com/developer/msbuild/2003">
  <ItemGroup>
    <Filter Include="src">
      <UniqueIdentifier>{8d3bc880-6210-4584-babd-7a1727483601}</UniqueIdentifier>
    </Filter>
    <Filter Include="src\header">
      <UniqueIdentifier>{64ef4480-1327-4b39-900c-4bf324692caa}</UniqueIdentifier>
    </Filter>
  </ItemGroup>
  <ItemGroup>
    <ClInclude Include="tts.h">
      <Filter>src\header</Filter>
    </ClInclude>
    <ClInclude Include="ofn.h">
      <Filter>src\header</Filter>
    </ClInclude>
    <ClInclude Include="includeset.h">
      <Filter>src\header</Filter>
    </ClInclude>
    <ClInclude Include="about.h">
      <Filter>src\header</Filter>
    </ClInclude>
    <ClInclude Include="fileops.h">
      <Filter>src\header</Filter>
    </ClInclude>
  </ItemGroup>
  <ItemGroup>
    <ClCompile Include="fileops.cpp">
      <Filter>src</Filter>
    </ClCompile>
    <ClCompile Include="ofn.cpp">
      <Filter>src</Filter>
    </ClCompile>
    <ClCompile Include="tts.cpp">
      <Filter>src</Filter>
    </ClCompile>
    <ClCompile Include="main.cpp">
      <Filter>src</Filter>
    </ClCompile>
  </ItemGroup>
  <ItemGroup>
    <None Include="README.md" />
    <None Include="color.h">
      <Filter>src\header</Filter>
    </None>
    <None Include="EXEC.md" />
    <None Include="examples\examplescript.dtos" />
    <None Include="examples\test_all_features.dtos" />
  </ItemGroup>
</Project>